// !$*UTF8*$!
{
	archiveVersion = 1;
	classes = {
	};
	objectVersion = 46;
	objects = {

/* Begin PBXBuildFile section */
		A98A94861D11134B00252A39 /* AppDelegate.swift in Sources */ = {isa = PBXBuildFile; fileRef = A98A94851D11134B00252A39 /* AppDelegate.swift */; };
		A98A94881D11134B00252A39 /* ViewController.swift in Sources */ = {isa = PBXBuildFile; fileRef = A98A94871D11134B00252A39 /* ViewController.swift */; };
		A98A948B1D11134B00252A39 /* Main.storyboard in Resources */ = {isa = PBXBuildFile; fileRef = A98A94891D11134B00252A39 /* Main.storyboard */; };
		A98A948D1D11134B00252A39 /* Assets.xcassets in Resources */ = {isa = PBXBuildFile; fileRef = A98A948C1D11134B00252A39 /* Assets.xcassets */; };
		A98A94901D11134B00252A39 /* LaunchScreen.storyboard in Resources */ = {isa = PBXBuildFile; fileRef = A98A948E1D11134B00252A39 /* LaunchScreen.storyboard */; };
		A98A94991D1113AA00252A39 /* 04.mp4 in Resources */ = {isa = PBXBuildFile; fileRef = A98A94981D1113AA00252A39 /* 04.mp4 */; };
		A98A94A11D11150C00252A39 /* pause@3x.png in Resources */ = {isa = PBXBuildFile; fileRef = A98A94A01D11150C00252A39 /* pause@3x.png */; };
		A98A94A31D11151100252A39 /* play@3x.png in Resources */ = {isa = PBXBuildFile; fileRef = A98A94A21D11151100252A39 /* play@3x.png */; };
		A98A94A51D111AF200252A39 /* MilboxTouch.framework in Frameworks */ = {isa = PBXBuildFile; fileRef = A98A94A41D111AF200252A39 /* MilboxTouch.framework */; };
		A98A94A71D111B0400252A39 /* MilboxTouch.framework in CopyFiles */ = {isa = PBXBuildFile; fileRef = A98A94A41D111AF200252A39 /* MilboxTouch.framework */; settings = {ATTRIBUTES = (RemoveHeadersOnCopy, ); }; };
/* End PBXBuildFile section */

/* Begin PBXCopyFilesBuildPhase section */
		A98A94A61D111AF900252A39 /* CopyFiles */ = {
			isa = PBXCopyFilesBuildPhase;
			buildActionMask = 2147483647;
			dstPath = "";
			dstSubfolderSpec = 10;
			files = (
				A98A94A71D111B0400252A39 /* MilboxTouch.framework in CopyFiles */,
			);
			runOnlyForDeploymentPostprocessing = 0;
		};
/* End PBXCopyFilesBuildPhase section */

/* Begin PBXFileReference section */
		A98A94821D11134B00252A39 /* Milbox360movieSample.app */ = {isa = PBXFileReference; explicitFileType = wrapper.application; includeInIndex = 0; path = Milbox360movieSample.app; sourceTree = BUILT_PRODUCTS_DIR; };
		A98A94851D11134B00252A39 /* AppDelegate.swift */ = {isa = PBXFileReference; lastKnownFileType = sourcecode.swift; path = AppDelegate.swift; sourceTree = "<group>"; };
		A98A94871D11134B00252A39 /* ViewController.swift */ = {isa = PBXFileReference; lastKnownFileType = sourcecode.swift; path = ViewController.swift; sourceTree = "<group>"; };
		A98A948A1D11134B00252A39 /* Base */ = {isa = PBXFileReference; lastKnownFileType = file.storyboard; name = Base; path = Base.lproj/Main.storyboard; sourceTree = "<group>"; };
		A98A948C1D11134B00252A39 /* Assets.xcassets */ = {isa = PBXFileReference; lastKnownFileType = folder.assetcatalog; path = Assets.xcassets; sourceTree = "<group>"; };
		A98A948F1D11134B00252A39 /* Base */ = {isa = PBXFileReference; lastKnownFileType = file.storyboard; name = Base; path = Base.lproj/LaunchScreen.storyboard; sourceTree = "<group>"; };
		A98A94911D11134B00252A39 /* Info.plist */ = {isa = PBXFileReference; lastKnownFileType = text.plist.xml; path = Info.plist; sourceTree = "<group>"; };
		A98A94981D1113AA00252A39 /* 04.mp4 */ = {isa = PBXFileReference; lastKnownFileType = file; path = 04.mp4; sourceTree = "<group>"; };
		A98A94A01D11150C00252A39 /* pause@3x.png */ = {isa = PBXFileReference; lastKnownFileType = image.png; path = "pause@3x.png"; sourceTree = "<group>"; };
		A98A94A21D11151100252A39 /* play@3x.png */ = {isa = PBXFileReference; lastKnownFileType = image.png; path = "play@3x.png"; sourceTree = "<group>"; };
		A98A94A41D111AF200252A39 /* MilboxTouch.framework */ = {isa = PBXFileReference; lastKnownFileType = wrapper.framework; name = MilboxTouch.framework; path = "../../../../Library/Developer/Xcode/DerivedData/MilboxTouch-euhgmbovxbnavyhgmqirdkwwpfko/Build/Products/Debug-iphoneos/MilboxTouch.framework"; sourceTree = "<group>"; };
/* End PBXFileReference section */

/* Begin PBXFrameworksBuildPhase section */
		A98A947F1D11134B00252A39 /* Frameworks */ = {
			isa = PBXFrameworksBuildPhase;
			buildActionMask = 2147483647;
			files = (
				A98A94A51D111AF200252A39 /* MilboxTouch.framework in Frameworks */,
			);
			runOnlyForDeploymentPostprocessing = 0;
		};
/* End PBXFrameworksBuildPhase section */

/* Begin PBXGroup section */
		A98A94791D11134B00252A39 = {
			isa = PBXGroup;
			children = (
				A98A94A41D111AF200252A39 /* MilboxTouch.framework */,
				A98A94841D11134B00252A39 /* Milbox360movieSample */,
				A98A94831D11134B00252A39 /* Products */,
			);
			sourceTree = "<group>";
		};
		A98A94831D11134B00252A39 /* Products */ = {
			isa = PBXGroup;
			children = (
				A98A94821D11134B00252A39 /* Milbox360movieSample.app */,
			);
			name = Products;
			sourceTree = "<group>";
		};
		A98A94841D11134B00252A39 /* Milbox360movieSample */ = {
			isa = PBXGroup;
			children = (
				A98A94971D11139D00252A39 /* Movie */,
				A98A94851D11134B00252A39 /* AppDelegate.swift */,
				A98A94871D11134B00252A39 /* ViewController.swift */,
				A98A94891D11134B00252A39 /* Main.storyboard */,
				A98A948C1D11134B00252A39 /* Assets.xcassets */,
				A98A948E1D11134B00252A39 /* LaunchScreen.storyboard */,
				A98A94911D11134B00252A39 /* Info.plist */,
			);
			path = Milbox360movieSample;
			sourceTree = "<group>";
		};
		A98A94971D11139D00252A39 /* Movie */ = {
			isa = PBXGroup;
			children = (
				A98A94A21D11151100252A39 /* play@3x.png */,
				A98A94A01D11150C00252A39 /* pause@3x.png */,
				A98A94981D1113AA00252A39 /* 04.mp4 */,
			);
			name = Movie;
			sourceTree = "<group>";
		};
/* End PBXGroup section */

/* Begin PBXNativeTarget section */
		A98A94811D11134B00252A39 /* Milbox360movieSample */ = {
			isa = PBXNativeTarget;
			buildConfigurationList = A98A94941D11134B00252A39 /* Build configuration list for PBXNativeTarget "Milbox360movieSample" */;
			buildPhases = (
				A98A947E1D11134B00252A39 /* Sources */,
				A98A947F1D11134B00252A39 /* Frameworks */,
				A98A94801D11134B00252A39 /* Resources */,
				A98A94A61D111AF900252A39 /* CopyFiles */,
			);
			buildRules = (
			);
			dependencies = (
			);
			name = Milbox360movieSample;
			productName = Milbox360movieSample;
			productReference = A98A94821D11134B00252A39 /* Milbox360movieSample.app */;
			productType = "com.apple.product-type.application";
		};
/* End PBXNativeTarget section */

/* Begin PBXProject section */
		A98A947A1D11134B00252A39 /* Project object */ = {
			isa = PBXProject;
			attributes = {
				LastSwiftUpdateCheck = 0730;
				LastUpgradeCheck = 0730;
				ORGANIZATIONNAME = white;
				TargetAttributes = {
					A98A94811D11134B00252A39 = {
						CreatedOnToolsVersion = 7.3.1;
						DevelopmentTeam = D83CHVSCX4;
					};
				};
			};
			buildConfigurationList = A98A947D1D11134B00252A39 /* Build configuration list for PBXProject "Milbox360movieSample" */;
			compatibilityVersion = "Xcode 3.2";
			developmentRegion = English;
			hasScannedForEncodings = 0;
			knownRegions = (
				en,
				Base,
			);
			mainGroup = A98A94791D11134B00252A39;
			productRefGroup = A98A94831D11134B00252A39 /* Products */;
			projectDirPath = "";
			projectRoot = "";
			targets = (
				A98A94811D11134B00252A39 /* Milbox360movieSample */,
			);
		};
/* End PBXProject section */

/* Begin PBXResourcesBuildPhase section */
		A98A94801D11134B00252A39 /* Resources */ = {
			isa = PBXResourcesBuildPhase;
			buildActionMask = 2147483647;
			files = (
				A98A94A11D11150C00252A39 /* pause@3x.png in Resources */,
				A98A94901D11134B00252A39 /* LaunchScreen.storyboard in Resources */,
				A98A94991D1113AA00252A39 /* 04.mp4 in Resources */,
				A98A94A31D11151100252A39 /* play@3x.png in Resources */,
				A98A948D1D11134B00252A39 /* Assets.xcassets in Resources */,
				A98A948B1D11134B00252A39 /* Main.storyboard in Resources */,
			);
			runOnlyForDeploymentPostprocessing = 0;
		};
/* End PBXResourcesBuildPhase section */

/* Begin PBXSourcesBuildPhase section */
		A98A947E1D11134B00252A39 /* Sources */ = {
			isa = PBXSourcesBuildPhase;
			buildActionMask = 2147483647;
			files = (
				A98A94881D11134B00252A39 /* ViewController.swift in Sources */,
				A98A94861D11134B00252A39 /* AppDelegate.swift in Sources */,
			);
			runOnlyForDeploymentPostprocessing = 0;
		};
/* End PBXSourcesBuildPhase section */

/* Begin PBXVariantGroup section */
		A98A94891D11134B00252A39 /* Main.storyboard */ = {
			isa = PBXVariantGroup;
			children = (
				A98A948A1D11134B00252A39 /* Base */,
			);
			name = Main.storyboard;
			sourceTree = "<group>";
		};
		A98A948E1D11134B00252A39 /* LaunchScreen.storyboard */ = {
			isa = PBXVariantGroup;
			children = (
				A98A948F1D11134B00252A39 /* Base */,
			);
			name = LaunchScreen.storyboard;
			sourceTree = "<group>";
		};
/* End PBXVariantGroup section */

/* Begin XCBuildConfiguration section */
		A98A94921D11134B00252A39 /* Debug */ = {
			isa = XCBuildConfiguration;
			buildSettings = {
				ALWAYS_SEARCH_USER_PATHS = NO;
				CLANG_ANALYZER_NONNULL = YES;
				CLANG_CXX_LANGUAGE_STANDARD = "gnu++0x";
				CLANG_CXX_LIBRARY = "libc++";
				CLANG_ENABLE_MODULES = YES;
				CLANG_ENABLE_OBJC_ARC = YES;
				CLANG_WARN_BOOL_CONVERSION = YES;
				CLANG_WARN_CONSTANT_CONVERSION = YES;
				CLANG_WARN_DIRECT_OBJC_ISA_USAGE = YES_ERROR;
				CLANG_WARN_EMPTY_BODY = YES;
				CLANG_WARN_ENUM_CONVERSION = YES;
				CLANG_WARN_INT_CONVERSION = YES;
				CLANG_WARN_OBJC_ROOT_CLASS = YES_ERROR;
				CLANG_WARN_UNREACHABLE_CODE = YES;
				CLANG_WARN__DUPLICATE_METHOD_MATCH = YES;
				"CODE_SIGN_IDENTITY[sdk=iphoneos*]" = "iPhone Developer";
				COPY_PHASE_STRIP = NO;
				DEBUG_INFORMATION_FORMAT = dwarf;
				ENABLE_STRICT_OBJC_MSGSEND = YES;
				ENABLE_TESTABILITY = YES;
				GCC_C_LANGUAGE_STANDARD = gnu99;
				GCC_DYNAMIC_NO_PIC = NO;
				GCC_NO_COMMON_BLOCKS = YES;
				GCC_OPTIMIZATION_LEVEL = 0;
				GCC_PREPROCESSOR_DEFINITIONS = (
					"DEBUG=1",
					"$(inherited)",
				);
				GCC_WARN_64_TO_32_BIT_CONVERSION = YES;
				GCC_WARN_ABOUT_RETURN_TYPE = YES_ERROR;
				GCC_WARN_UNDECLARED_SELECTOR = YES;
				GCC_WARN_UNINITIALIZED_AUTOS = YES_AGGRESSIVE;
				GCC_WARN_UNUSED_FUNCTION = YES;
				GCC_WARN_UNUSED_VARIABLE = YES;
				IPHONEOS_DEPLOYMENT_TARGET = 9.3;
				MTL_ENABLE_DEBUG_INFO = YES;
				ONLY_ACTIVE_ARCH = YES;
				SDKROOT = iphoneos;
				SWIFT_OPTIMIZATION_LEVEL = "-Onone";
				TARGETED_DEVICE_FAMILY = "1,2";
			};
			name = Debug;
		};
		A98A94931D11134B00252A39 /* Release */ = {
			isa = XCBuildConfiguration;
			buildSettings = {
				ALWAYS_SEARCH_USER_PATHS = NO;
				CLANG_ANALYZER_NONNULL = YES;
				CLANG_CXX_LANGUAGE_STANDARD = "gnu++0x";
				CLANG_CXX_LIBRARY = "libc++";
				CLANG_ENABLE_MODULES = YES;
				CLANG_ENABLE_OBJC_ARC = YES;
				CLANG_WARN_BOOL_CONVERSION = YES;
				CLANG_WARN_CONSTANT_CONVERSION = YES;
				CLANG_WARN_DIRECT_OBJC_ISA_USAGE = YES_ERROR;
				CLANG_WARN_EMPTY_BODY = YES;
				CLANG_WARN_ENUM_CONVERSION = YES;
				CLANG_WARN_INT_CONVERSION = YES;
				CLANG_WARN_OBJC_ROOT_CLASS = YES_ERROR;
				CLANG_WARN_UNREACHABLE_CODE = YES;
				CLANG_WARN__DUPLICATE_METHOD_MATCH = YES;
				"CODE_SIGN_IDENTITY[sdk=iphoneos*]" = "iPhone Developer";
				COPY_PHASE_STRIP = NO;
				DEBUG_INFORMATION_FORMAT = "dwarf-with-dsym";
				ENABLE_NS_ASSERTIONS = NO;
				ENABLE_STRICT_OBJC_MSGSEND = YES;
				GCC_C_LANGUAGE_STANDARD = gnu99;
				GCC_NO_COMMON_BLOCKS = YES;
				GCC_WARN_64_TO_32_BIT_CONVERSION = YES;
				GCC_WARN_ABOUT_RETURN_TYPE = YES_ERROR;
				GCC_WARN_UNDECLARED_SELECTOR = YES;
				GCC_WARN_UNINITIALIZED_AUTOS = YES_AGGRESSIVE;
				GCC_WARN_UNUSED_FUNCTION = YES;
				GCC_WARN_UNUSED_VARIABLE = YES;
				IPHONEOS_DEPLOYMENT_TARGET = 9.3;
				MTL_ENABLE_DEBUG_INFO = NO;
				SDKROOT = iphoneos;
				TARGETED_DEVICE_FAMILY = "1,2";
				VALIDATE_PRODUCT = YES;
			};
			name = Release;
		};
		A98A94951D11134B00252A39 /* Debug */ = {
			isa = XCBuildConfiguration;
			buildSettings = {
				ASSETCATALOG_COMPILER_APPICON_NAME = AppIcon;
				INFOPLIST_FILE = Milbox360movieSample/Info.plist;
				LD_RUNPATH_SEARCH_PATHS = "$(inherited) @executable_path/Frameworks";
				PRODUCT_BUNDLE_IDENTIFIER = com.white.MilboxTouchSample;
				PRODUCT_NAME = "$(TARGET_NAME)";
			};
			name = Debug;
		};
		A98A94961D11134B00252A39 /* Release */ = {
			isa = XCBuildConfiguration;
			buildSettings = {
				ASSETCATALOG_COMPILER_APPICON_NAME = AppIcon;
				INFOPLIST_FILE = Milbox360movieSample/Info.plist;
				LD_RUNPATH_SEARCH_PATHS = "$(inherited) @executable_path/Frameworks";
				PRODUCT_BUNDLE_IDENTIFIER = com.white.MilboxTouchSample;
				PRODUCT_NAME = "$(TARGET_NAME)";
			};
			name = Release;
		};
/* End XCBuildConfiguration section */

/* Begin XCConfigurationList section */
		A98A947D1D11134B00252A39 /* Build configuration list for PBXProject "Milbox360movieSample" */ = {
			isa = XCConfigurationList;
			buildConfigurations = (
				A98A94921D11134B00252A39 /* Debug */,
				A98A94931D11134B00252A39 /* Release */,
			);
			defaultConfigurationIsVisible = 0;
			defaultConfigurationName = Release;
		};
		A98A94941D11134B00252A39 /* Build configuration list for PBXNativeTarget "Milbox360movieSample" */ = {
			isa = XCConfigurationList;
			buildConfigurations = (
				A98A94951D11134B00252A39 /* Debug */,
				A98A94961D11134B00252A39 /* Release */,
			);
			defaultConfigurationIsVisible = 0;
			defaultConfigurationName = Release;
		};
/* End XCConfigurationList section */
	};
	rootObject = A98A947A1D11134B00252A39 /* Project object */;
}
